{
  "requires": true,
  "lockfileVersion": 1,
  "dependencies": {
    "zingchart": {
      "version": "2.9.0",
      "resolved": "https://registry.npmjs.org/zingchart/-/zingchart-2.9.0.tgz",
      "integrity": "sha512-9dvIJt+BbF7POe3FUY55YfefK3+I2J8g2eXOEM46gHJc3o/kzbXnrYoVp1QSMwNaCr7qL5oeRhoMobfiGbW2/A=="
    },
    "zingchart-constants": {
      "version": "github:zingchart/zingchart-constants#2cb0b3a55bbae8ee6fb943161fdd5b71618bc95f",
      "from": "github:zingchart/zingchart-constants#master"
    },
    "zingchart-vue": {
      "version": "2.0.1",
      "resolved": "https://registry.npmjs.org/zingchart-vue/-/zingchart-vue-2.0.1.tgz",
      "integrity": "sha512-VQy91IqJ/h9QHR5H37lvUMm6JtLBappR+crkAr2OE5qw48ML6XvlRHnQtllSyD/c+XcZAwr3Y3wJCnuesM4OWQ==",
      "requires": {
        "zingchart": "^2.9.0",
        "zingchart-constants": "github:zingchart/zingchart-constants#master"
      }
    }
  }
}
